
Microsoft Visual Studio Solution File, Format Version 12.00
# Visual Studio Version 17
VisualStudioVersion = 17.1.32228.430
MinimumVisualStudioVersion = 10.0.40219.1
Project("{FAE04EC0-301F-11D3-BF4B-00C04F79EFBC}") = "Task20", "Task20\Task20.csproj", "{16AFD514-2439-4CB2-98CE-727510E333CF}"
EndProject
Project("{FAE04EC0-301F-11D3-BF4B-00C04F79EFBC}") = "ClassLibrary", "ClassLibrary\ClassLibrary.csproj", "{F74A95CA-7D59-4E4A-BFD0-370DE058BF92}"
EndProject
Global
	GlobalSection(SolutionConfigurationPlatforms) = preSolution
		Debug|Any CPU = Debug|Any CPU
		Release|Any CPU = Release|Any CPU
	EndGlobalSection
	GlobalSection(ProjectConfigurationPlatforms) = postSolution
		{16AFD514-2439-4CB2-98CE-727510E333CF}.Debug|Any CPU.ActiveCfg = Debug|Any CPU
		{16AFD514-2439-4CB2-98CE-727510E333CF}.Debug|Any CPU.Build.0 = Debug|Any CPU
		{16AFD514-2439-4CB2-98CE-727510E333CF}.Release|Any CPU.ActiveCfg = Release|Any CPU
		{16AFD514-2439-4CB2-98CE-727510E333CF}.Release|Any CPU.Build.0 = Release|Any CPU
		{F74A95CA-7D59-4E4A-BFD0-370DE058BF92}.Debug|Any CPU.ActiveCfg = Debug|Any CPU
		{F74A95CA-7D59-4E4A-BFD0-370DE058BF92}.Debug|Any CPU.Build.0 = Debug|Any CPU
		{F74A95CA-7D59-4E4A-BFD0-370DE058BF92}.Release|Any CPU.ActiveCfg = Release|Any CPU
		{F74A95CA-7D59-4E4A-BFD0-370DE058BF92}.Release|Any CPU.Build.0 = Release|Any CPU
	EndGlobalSection
	GlobalSection(SolutionProperties) = preSolution
		HideSolutionNode = FALSE
	EndGlobalSection
	GlobalSection(ExtensibilityGlobals) = postSolution
		SolutionGuid = {FDFD62B4-F516-4559-93C9-60C7DC8CEA77}
	EndGlobalSection
EndGlobal
